// !$*UTF8*$!
{
	archiveVersion = 1;
	classes = {
	};
	objectVersion = 56;
	objects = {

/* Begin PBXBuildFile section */
		C65C61CD2C33CCAC00810FEA /* SequenceStack.cpp in Sources */ = {isa = PBXBuildFile; fileRef = C65C61CB2C33CCAC00810FEA /* SequenceStack.cpp */; };
		C65C61D02C33D25C00810FEA /* ShareStack.cpp in Sources */ = {isa = PBXBuildFile; fileRef = C65C61CE2C33D25C00810FEA /* ShareStack.cpp */; };
		C65C61D42C33D3AB00810FEA /* SequenceString.cpp in Sources */ = {isa = PBXBuildFile; fileRef = C65C61D22C33D3AB00810FEA /* SequenceString.cpp */; };
		C65C61DA2C33DA9D00810FEA /* LinkStack.cpp in Sources */ = {isa = PBXBuildFile; fileRef = C65C61D82C33DA9D00810FEA /* LinkStack.cpp */; };
		C65C61DD2C33E6E900810FEA /* SequenceQueue.cpp in Sources */ = {isa = PBXBuildFile; fileRef = C65C61DB2C33E6E900810FEA /* SequenceQueue.cpp */; };
		C65C61E02C3BEBC300810FEA /* HeadLinkQueue.cpp in Sources */ = {isa = PBXBuildFile; fileRef = C65C61DE2C3BEBC300810FEA /* HeadLinkQueue.cpp */; };
		C65C61E32C3CD4AC00810FEA /* LinkQueue.cpp in Sources */ = {isa = PBXBuildFile; fileRef = C65C61E12C3CD4AC00810FEA /* LinkQueue.cpp */; };
		C65C61E62C3D3C8500810FEA /* DynamicSequenceString.cpp in Sources */ = {isa = PBXBuildFile; fileRef = C65C61E42C3D3C8500810FEA /* DynamicSequenceString.cpp */; };
		C65C61E92C3D3E7000810FEA /* LinkString.cpp in Sources */ = {isa = PBXBuildFile; fileRef = C65C61E72C3D3E7000810FEA /* LinkString.cpp */; };
		C693AECB2C21333F00CFAF67 /* main.cpp in Sources */ = {isa = PBXBuildFile; fileRef = C693AECA2C21333F00CFAF67 /* main.cpp */; };
		C693AED32C251A0600CFAF67 /* SequenceList.cpp in Sources */ = {isa = PBXBuildFile; fileRef = C693AED12C251A0600CFAF67 /* SequenceList.cpp */; };
		C693AED62C2520CC00CFAF67 /* DynamicSequenceList.cpp in Sources */ = {isa = PBXBuildFile; fileRef = C693AED42C2520CC00CFAF67 /* DynamicSequenceList.cpp */; };
		C693AEDA2C255F0300CFAF67 /* HeadLinkList.cpp in Sources */ = {isa = PBXBuildFile; fileRef = C693AED82C255F0300CFAF67 /* HeadLinkList.cpp */; };
		C693AEE02C257DE200CFAF67 /* LinkList.cpp in Sources */ = {isa = PBXBuildFile; fileRef = C693AEDE2C257DE200CFAF67 /* LinkList.cpp */; };
		C693AEE92C2C1C8E00CFAF67 /* DoubleLinkList.cpp in Sources */ = {isa = PBXBuildFile; fileRef = C693AEE72C2C1C8E00CFAF67 /* DoubleLinkList.cpp */; };
		C693AEEF2C329E0B00CFAF67 /* StaticLinkList.cpp in Sources */ = {isa = PBXBuildFile; fileRef = C693AEED2C329E0B00CFAF67 /* StaticLinkList.cpp */; };
/* End PBXBuildFile section */

/* Begin PBXCopyFilesBuildPhase section */
		C693AEC52C21333F00CFAF67 /* CopyFiles */ = {
			isa = PBXCopyFilesBuildPhase;
			buildActionMask = 2147483647;
			dstPath = /usr/share/man/man1/;
			dstSubfolderSpec = 0;
			files = (
			);
			runOnlyForDeploymentPostprocessing = 1;
		};
/* End PBXCopyFilesBuildPhase section */

/* Begin PBXFileReference section */
		C65C61CB2C33CCAC00810FEA /* SequenceStack.cpp */ = {isa = PBXFileReference; lastKnownFileType = sourcecode.cpp.cpp; path = SequenceStack.cpp; sourceTree = "<group>"; };
		C65C61CC2C33CCAC00810FEA /* SequenceStack.hpp */ = {isa = PBXFileReference; lastKnownFileType = sourcecode.cpp.h; path = SequenceStack.hpp; sourceTree = "<group>"; };
		C65C61CE2C33D25C00810FEA /* ShareStack.cpp */ = {isa = PBXFileReference; lastKnownFileType = sourcecode.cpp.cpp; path = ShareStack.cpp; sourceTree = "<group>"; };
		C65C61CF2C33D25C00810FEA /* ShareStack.hpp */ = {isa = PBXFileReference; lastKnownFileType = sourcecode.cpp.h; path = ShareStack.hpp; sourceTree = "<group>"; };
		C65C61D22C33D3AB00810FEA /* SequenceString.cpp */ = {isa = PBXFileReference; lastKnownFileType = sourcecode.cpp.cpp; path = SequenceString.cpp; sourceTree = "<group>"; };
		C65C61D32C33D3AB00810FEA /* SequenceString.hpp */ = {isa = PBXFileReference; lastKnownFileType = sourcecode.cpp.h; path = SequenceString.hpp; sourceTree = "<group>"; };
		C65C61D82C33DA9D00810FEA /* LinkStack.cpp */ = {isa = PBXFileReference; lastKnownFileType = sourcecode.cpp.cpp; path = LinkStack.cpp; sourceTree = "<group>"; };
		C65C61D92C33DA9D00810FEA /* LinkStack.hpp */ = {isa = PBXFileReference; lastKnownFileType = sourcecode.cpp.h; path = LinkStack.hpp; sourceTree = "<group>"; };
		C65C61DB2C33E6E900810FEA /* SequenceQueue.cpp */ = {isa = PBXFileReference; lastKnownFileType = sourcecode.cpp.cpp; path = SequenceQueue.cpp; sourceTree = "<group>"; };
		C65C61DC2C33E6E900810FEA /* SequenceQueue.hpp */ = {isa = PBXFileReference; lastKnownFileType = sourcecode.cpp.h; path = SequenceQueue.hpp; sourceTree = "<group>"; };
		C65C61DE2C3BEBC300810FEA /* HeadLinkQueue.cpp */ = {isa = PBXFileReference; lastKnownFileType = sourcecode.cpp.cpp; path = HeadLinkQueue.cpp; sourceTree = "<group>"; };
		C65C61DF2C3BEBC300810FEA /* HeadLinkQueue.hpp */ = {isa = PBXFileReference; lastKnownFileType = sourcecode.cpp.h; path = HeadLinkQueue.hpp; sourceTree = "<group>"; };
		C65C61E12C3CD4AC00810FEA /* LinkQueue.cpp */ = {isa = PBXFileReference; lastKnownFileType = sourcecode.cpp.cpp; path = LinkQueue.cpp; sourceTree = "<group>"; };
		C65C61E22C3CD4AC00810FEA /* LinkQueue.hpp */ = {isa = PBXFileReference; lastKnownFileType = sourcecode.cpp.h; path = LinkQueue.hpp; sourceTree = "<group>"; };
		C65C61E42C3D3C8500810FEA /* DynamicSequenceString.cpp */ = {isa = PBXFileReference; lastKnownFileType = sourcecode.cpp.cpp; path = DynamicSequenceString.cpp; sourceTree = "<group>"; };
		C65C61E52C3D3C8500810FEA /* DynamicSequenceString.hpp */ = {isa = PBXFileReference; lastKnownFileType = sourcecode.cpp.h; path = DynamicSequenceString.hpp; sourceTree = "<group>"; };
		C65C61E72C3D3E7000810FEA /* LinkString.cpp */ = {isa = PBXFileReference; lastKnownFileType = sourcecode.cpp.cpp; path = LinkString.cpp; sourceTree = "<group>"; };
		C65C61E82C3D3E7000810FEA /* LinkString.hpp */ = {isa = PBXFileReference; lastKnownFileType = sourcecode.cpp.h; path = LinkString.hpp; sourceTree = "<group>"; };
		C65C61EB2C3D3F9F00810FEA /* README.md */ = {isa = PBXFileReference; lastKnownFileType = net.daringfireball.markdown; path = README.md; sourceTree = "<group>"; };
		C693AEC72C21333F00CFAF67 /* Structure */ = {isa = PBXFileReference; explicitFileType = "compiled.mach-o.executable"; includeInIndex = 0; path = Structure; sourceTree = BUILT_PRODUCTS_DIR; };
		C693AECA2C21333F00CFAF67 /* main.cpp */ = {isa = PBXFileReference; lastKnownFileType = sourcecode.cpp.cpp; path = main.cpp; sourceTree = "<group>"; };
		C693AED12C251A0600CFAF67 /* SequenceList.cpp */ = {isa = PBXFileReference; lastKnownFileType = sourcecode.cpp.cpp; path = SequenceList.cpp; sourceTree = "<group>"; };
		C693AED22C251A0600CFAF67 /* SequenceList.hpp */ = {isa = PBXFileReference; lastKnownFileType = sourcecode.cpp.h; path = SequenceList.hpp; sourceTree = "<group>"; };
		C693AED42C2520CC00CFAF67 /* DynamicSequenceList.cpp */ = {isa = PBXFileReference; lastKnownFileType = sourcecode.cpp.cpp; path = DynamicSequenceList.cpp; sourceTree = "<group>"; };
		C693AED52C2520CC00CFAF67 /* DynamicSequenceList.hpp */ = {isa = PBXFileReference; lastKnownFileType = sourcecode.cpp.h; path = DynamicSequenceList.hpp; sourceTree = "<group>"; };
		C693AED82C255F0300CFAF67 /* HeadLinkList.cpp */ = {isa = PBXFileReference; lastKnownFileType = sourcecode.cpp.cpp; path = HeadLinkList.cpp; sourceTree = "<group>"; };
		C693AED92C255F0300CFAF67 /* HeadLinkList.hpp */ = {isa = PBXFileReference; lastKnownFileType = sourcecode.cpp.h; path = HeadLinkList.hpp; sourceTree = "<group>"; };
		C693AEDE2C257DE200CFAF67 /* LinkList.cpp */ = {isa = PBXFileReference; lastKnownFileType = sourcecode.cpp.cpp; path = LinkList.cpp; sourceTree = "<group>"; };
		C693AEDF2C257DE200CFAF67 /* LinkList.hpp */ = {isa = PBXFileReference; lastKnownFileType = sourcecode.cpp.h; path = LinkList.hpp; sourceTree = "<group>"; };
		C693AEE72C2C1C8E00CFAF67 /* DoubleLinkList.cpp */ = {isa = PBXFileReference; lastKnownFileType = sourcecode.cpp.cpp; path = DoubleLinkList.cpp; sourceTree = "<group>"; };
		C693AEE82C2C1C8E00CFAF67 /* DoubleLinkList.hpp */ = {isa = PBXFileReference; lastKnownFileType = sourcecode.cpp.h; path = DoubleLinkList.hpp; sourceTree = "<group>"; };
		C693AEED2C329E0B00CFAF67 /* StaticLinkList.cpp */ = {isa = PBXFileReference; lastKnownFileType = sourcecode.cpp.cpp; path = StaticLinkList.cpp; sourceTree = "<group>"; };
		C693AEEE2C329E0B00CFAF67 /* StaticLinkList.hpp */ = {isa = PBXFileReference; lastKnownFileType = sourcecode.cpp.h; path = StaticLinkList.hpp; sourceTree = "<group>"; };
/* End PBXFileReference section */

/* Begin PBXFrameworksBuildPhase section */
		C693AEC42C21333F00CFAF67 /* Frameworks */ = {
			isa = PBXFrameworksBuildPhase;
			buildActionMask = 2147483647;
			files = (
			);
			runOnlyForDeploymentPostprocessing = 0;
		};
/* End PBXFrameworksBuildPhase section */

/* Begin PBXGroup section */
		C65C61D12C33D38A00810FEA /* string */ = {
			isa = PBXGroup;
			children = (
				C65C61D22C33D3AB00810FEA /* SequenceString.cpp */,
				C65C61D32C33D3AB00810FEA /* SequenceString.hpp */,
				C65C61E42C3D3C8500810FEA /* DynamicSequenceString.cpp */,
				C65C61E52C3D3C8500810FEA /* DynamicSequenceString.hpp */,
				C65C61E72C3D3E7000810FEA /* LinkString.cpp */,
				C65C61E82C3D3E7000810FEA /* LinkString.hpp */,
			);
			path = string;
			sourceTree = "<group>";
		};
		C65C61D52C33D3ED00810FEA /* picture */ = {
			isa = PBXGroup;
			children = (
			);
			path = picture;
			sourceTree = "<group>";
		};
		C65C61D62C33D49E00810FEA /* search */ = {
			isa = PBXGroup;
			children = (
			);
			path = search;
			sourceTree = "<group>";
		};
		C65C61D72C33D4A900810FEA /* sort */ = {
			isa = PBXGroup;
			children = (
			);
			path = sort;
			sourceTree = "<group>";
		};
		C693AEBE2C21333F00CFAF67 = {
			isa = PBXGroup;
			children = (
				C693AEC92C21333F00CFAF67 /* Structure */,
				C65C61EB2C3D3F9F00810FEA /* README.md */,
				C693AEC82C21333F00CFAF67 /* Products */,
			);
			sourceTree = "<group>";
		};
		C693AEC82C21333F00CFAF67 /* Products */ = {
			isa = PBXGroup;
			children = (
				C693AEC72C21333F00CFAF67 /* Structure */,
			);
			name = Products;
			sourceTree = "<group>";
		};
		C693AEC92C21333F00CFAF67 /* Structure */ = {
			isa = PBXGroup;
			children = (
				C693AED72C2520FE00CFAF67 /* list */,
				C693AEE42C25807100CFAF67 /* stack */,
				C693AEE52C25807700CFAF67 /* queue */,
				C65C61D12C33D38A00810FEA /* string */,
				C693AEE62C25809100CFAF67 /* tree */,
				C65C61D52C33D3ED00810FEA /* picture */,
				C65C61D62C33D49E00810FEA /* search */,
				C65C61D72C33D4A900810FEA /* sort */,
				C693AECA2C21333F00CFAF67 /* main.cpp */,
			);
			path = Structure;
			sourceTree = "<group>";
		};
		C693AED72C2520FE00CFAF67 /* list */ = {
			isa = PBXGroup;
			children = (
				C693AED12C251A0600CFAF67 /* SequenceList.cpp */,
				C693AED22C251A0600CFAF67 /* SequenceList.hpp */,
				C693AED42C2520CC00CFAF67 /* DynamicSequenceList.cpp */,
				C693AED52C2520CC00CFAF67 /* DynamicSequenceList.hpp */,
				C693AED82C255F0300CFAF67 /* HeadLinkList.cpp */,
				C693AED92C255F0300CFAF67 /* HeadLinkList.hpp */,
				C693AEDE2C257DE200CFAF67 /* LinkList.cpp */,
				C693AEDF2C257DE200CFAF67 /* LinkList.hpp */,
				C693AEE72C2C1C8E00CFAF67 /* DoubleLinkList.cpp */,
				C693AEE82C2C1C8E00CFAF67 /* DoubleLinkList.hpp */,
				C693AEED2C329E0B00CFAF67 /* StaticLinkList.cpp */,
				C693AEEE2C329E0B00CFAF67 /* StaticLinkList.hpp */,
			);
			path = list;
			sourceTree = "<group>";
		};
		C693AEE42C25807100CFAF67 /* stack */ = {
			isa = PBXGroup;
			children = (
				C65C61CB2C33CCAC00810FEA /* SequenceStack.cpp */,
				C65C61CC2C33CCAC00810FEA /* SequenceStack.hpp */,
				C65C61D82C33DA9D00810FEA /* LinkStack.cpp */,
				C65C61D92C33DA9D00810FEA /* LinkStack.hpp */,
				C65C61CE2C33D25C00810FEA /* ShareStack.cpp */,
				C65C61CF2C33D25C00810FEA /* ShareStack.hpp */,
			);
			path = stack;
			sourceTree = "<group>";
		};
		C693AEE52C25807700CFAF67 /* queue */ = {
			isa = PBXGroup;
			children = (
				C65C61DB2C33E6E900810FEA /* SequenceQueue.cpp */,
				C65C61DC2C33E6E900810FEA /* SequenceQueue.hpp */,
				C65C61DE2C3BEBC300810FEA /* HeadLinkQueue.cpp */,
				C65C61DF2C3BEBC300810FEA /* HeadLinkQueue.hpp */,
				C65C61E12C3CD4AC00810FEA /* LinkQueue.cpp */,
				C65C61E22C3CD4AC00810FEA /* LinkQueue.hpp */,
			);
			path = queue;
			sourceTree = "<group>";
		};
		C693AEE62C25809100CFAF67 /* tree */ = {
			isa = PBXGroup;
			children = (
			);
			path = tree;
			sourceTree = "<group>";
		};
/* End PBXGroup section */

/* Begin PBXNativeTarget section */
		C693AEC62C21333F00CFAF67 /* Structure */ = {
			isa = PBXNativeTarget;
			buildConfigurationList = C693AECE2C21333F00CFAF67 /* Build configuration list for PBXNativeTarget "Structure" */;
			buildPhases = (
				C693AEC32C21333F00CFAF67 /* Sources */,
				C693AEC42C21333F00CFAF67 /* Frameworks */,
				C693AEC52C21333F00CFAF67 /* CopyFiles */,
			);
			buildRules = (
			);
			dependencies = (
			);
			name = Structure;
			productName = Structure;
			productReference = C693AEC72C21333F00CFAF67 /* Structure */;
			productType = "com.apple.product-type.tool";
		};
/* End PBXNativeTarget section */

/* Begin PBXProject section */
		C693AEBF2C21333F00CFAF67 /* Project object */ = {
			isa = PBXProject;
			attributes = {
				BuildIndependentTargetsInParallel = 1;
				LastUpgradeCheck = 1430;
				TargetAttributes = {
					C693AEC62C21333F00CFAF67 = {
						CreatedOnToolsVersion = 14.3.1;
					};
				};
			};
			buildConfigurationList = C693AEC22C21333F00CFAF67 /* Build configuration list for PBXProject "Structure" */;
			compatibilityVersion = "Xcode 14.0";
			developmentRegion = en;
			hasScannedForEncodings = 0;
			knownRegions = (
				en,
				Base,
			);
			mainGroup = C693AEBE2C21333F00CFAF67;
			productRefGroup = C693AEC82C21333F00CFAF67 /* Products */;
			projectDirPath = "";
			projectRoot = "";
			targets = (
				C693AEC62C21333F00CFAF67 /* Structure */,
			);
		};
/* End PBXProject section */

/* Begin PBXSourcesBuildPhase section */
		C693AEC32C21333F00CFAF67 /* Sources */ = {
			isa = PBXSourcesBuildPhase;
			buildActionMask = 2147483647;
			files = (
				C693AED62C2520CC00CFAF67 /* DynamicSequenceList.cpp in Sources */,
				C65C61CD2C33CCAC00810FEA /* SequenceStack.cpp in Sources */,
				C65C61E62C3D3C8500810FEA /* DynamicSequenceString.cpp in Sources */,
				C693AECB2C21333F00CFAF67 /* main.cpp in Sources */,
				C65C61E92C3D3E7000810FEA /* LinkString.cpp in Sources */,
				C65C61D42C33D3AB00810FEA /* SequenceString.cpp in Sources */,
				C693AEEF2C329E0B00CFAF67 /* StaticLinkList.cpp in Sources */,
				C693AED32C251A0600CFAF67 /* SequenceList.cpp in Sources */,
				C693AEDA2C255F0300CFAF67 /* HeadLinkList.cpp in Sources */,
				C65C61E02C3BEBC300810FEA /* HeadLinkQueue.cpp in Sources */,
				C693AEE92C2C1C8E00CFAF67 /* DoubleLinkList.cpp in Sources */,
				C65C61DD2C33E6E900810FEA /* SequenceQueue.cpp in Sources */,
				C693AEE02C257DE200CFAF67 /* LinkList.cpp in Sources */,
				C65C61DA2C33DA9D00810FEA /* LinkStack.cpp in Sources */,
				C65C61D02C33D25C00810FEA /* ShareStack.cpp in Sources */,
				C65C61E32C3CD4AC00810FEA /* LinkQueue.cpp in Sources */,
			);
			runOnlyForDeploymentPostprocessing = 0;
		};
/* End PBXSourcesBuildPhase section */

/* Begin XCBuildConfiguration section */
		C693AECC2C21333F00CFAF67 /* Debug */ = {
			isa = XCBuildConfiguration;
			buildSettings = {
				ALWAYS_SEARCH_USER_PATHS = NO;
				CLANG_ANALYZER_NONNULL = YES;
				CLANG_ANALYZER_NUMBER_OBJECT_CONVERSION = YES_AGGRESSIVE;
				CLANG_CXX_LANGUAGE_STANDARD = "gnu++20";
				CLANG_ENABLE_MODULES = YES;
				CLANG_ENABLE_OBJC_ARC = YES;
				CLANG_ENABLE_OBJC_WEAK = YES;
				CLANG_WARN_BLOCK_CAPTURE_AUTORELEASING = YES;
				CLANG_WARN_BOOL_CONVERSION = YES;
				CLANG_WARN_COMMA = YES;
				CLANG_WARN_CONSTANT_CONVERSION = YES;
				CLANG_WARN_DEPRECATED_OBJC_IMPLEMENTATIONS = YES;
				CLANG_WARN_DIRECT_OBJC_ISA_USAGE = YES_ERROR;
				CLANG_WARN_DOCUMENTATION_COMMENTS = YES;
				CLANG_WARN_EMPTY_BODY = YES;
				CLANG_WARN_ENUM_CONVERSION = YES;
				CLANG_WARN_INFINITE_RECURSION = YES;
				CLANG_WARN_INT_CONVERSION = YES;
				CLANG_WARN_NON_LITERAL_NULL_CONVERSION = YES;
				CLANG_WARN_OBJC_IMPLICIT_RETAIN_SELF = YES;
				CLANG_WARN_OBJC_LITERAL_CONVERSION = YES;
				CLANG_WARN_OBJC_ROOT_CLASS = YES_ERROR;
				CLANG_WARN_QUOTED_INCLUDE_IN_FRAMEWORK_HEADER = YES;
				CLANG_WARN_RANGE_LOOP_ANALYSIS = YES;
				CLANG_WARN_STRICT_PROTOTYPES = YES;
				CLANG_WARN_SUSPICIOUS_MOVE = YES;
				CLANG_WARN_UNGUARDED_AVAILABILITY = YES_AGGRESSIVE;
				CLANG_WARN_UNREACHABLE_CODE = YES;
				CLANG_WARN__DUPLICATE_METHOD_MATCH = YES;
				COPY_PHASE_STRIP = NO;
				DEBUG_INFORMATION_FORMAT = dwarf;
				ENABLE_STRICT_OBJC_MSGSEND = YES;
				ENABLE_TESTABILITY = YES;
				GCC_C_LANGUAGE_STANDARD = gnu11;
				GCC_DYNAMIC_NO_PIC = NO;
				GCC_NO_COMMON_BLOCKS = YES;
				GCC_OPTIMIZATION_LEVEL = 0;
				GCC_PREPROCESSOR_DEFINITIONS = (
					"DEBUG=1",
					"$(inherited)",
				);
				GCC_WARN_64_TO_32_BIT_CONVERSION = YES;
				GCC_WARN_ABOUT_RETURN_TYPE = YES_ERROR;
				GCC_WARN_UNDECLARED_SELECTOR = YES;
				GCC_WARN_UNINITIALIZED_AUTOS = YES_AGGRESSIVE;
				GCC_WARN_UNUSED_FUNCTION = YES;
				GCC_WARN_UNUSED_VARIABLE = YES;
				MACOSX_DEPLOYMENT_TARGET = 13.3;
				MTL_ENABLE_DEBUG_INFO = INCLUDE_SOURCE;
				MTL_FAST_MATH = YES;
				ONLY_ACTIVE_ARCH = YES;
				SDKROOT = macosx;
			};
			name = Debug;
		};
		C693AECD2C21333F00CFAF67 /* Release */ = {
			isa = XCBuildConfiguration;
			buildSettings = {
				ALWAYS_SEARCH_USER_PATHS = NO;
				CLANG_ANALYZER_NONNULL = YES;
				CLANG_ANALYZER_NUMBER_OBJECT_CONVERSION = YES_AGGRESSIVE;
				CLANG_CXX_LANGUAGE_STANDARD = "gnu++20";
				CLANG_ENABLE_MODULES = YES;
				CLANG_ENABLE_OBJC_ARC = YES;
				CLANG_ENABLE_OBJC_WEAK = YES;
				CLANG_WARN_BLOCK_CAPTURE_AUTORELEASING = YES;
				CLANG_WARN_BOOL_CONVERSION = YES;
				CLANG_WARN_COMMA = YES;
				CLANG_WARN_CONSTANT_CONVERSION = YES;
				CLANG_WARN_DEPRECATED_OBJC_IMPLEMENTATIONS = YES;
				CLANG_WARN_DIRECT_OBJC_ISA_USAGE = YES_ERROR;
				CLANG_WARN_DOCUMENTATION_COMMENTS = YES;
				CLANG_WARN_EMPTY_BODY = YES;
				CLANG_WARN_ENUM_CONVERSION = YES;
				CLANG_WARN_INFINITE_RECURSION = YES;
				CLANG_WARN_INT_CONVERSION = YES;
				CLANG_WARN_NON_LITERAL_NULL_CONVERSION = YES;
				CLANG_WARN_OBJC_IMPLICIT_RETAIN_SELF = YES;
				CLANG_WARN_OBJC_LITERAL_CONVERSION = YES;
				CLANG_WARN_OBJC_ROOT_CLASS = YES_ERROR;
				CLANG_WARN_QUOTED_INCLUDE_IN_FRAMEWORK_HEADER = YES;
				CLANG_WARN_RANGE_LOOP_ANALYSIS = YES;
				CLANG_WARN_STRICT_PROTOTYPES = YES;
				CLANG_WARN_SUSPICIOUS_MOVE = YES;
				CLANG_WARN_UNGUARDED_AVAILABILITY = YES_AGGRESSIVE;
				CLANG_WARN_UNREACHABLE_CODE = YES;
				CLANG_WARN__DUPLICATE_METHOD_MATCH = YES;
				COPY_PHASE_STRIP = NO;
				DEBUG_INFORMATION_FORMAT = "dwarf-with-dsym";
				ENABLE_NS_ASSERTIONS = NO;
				ENABLE_STRICT_OBJC_MSGSEND = YES;
				GCC_C_LANGUAGE_STANDARD = gnu11;
				GCC_NO_COMMON_BLOCKS = YES;
				GCC_WARN_64_TO_32_BIT_CONVERSION = YES;
				GCC_WARN_ABOUT_RETURN_TYPE = YES_ERROR;
				GCC_WARN_UNDECLARED_SELECTOR = YES;
				GCC_WARN_UNINITIALIZED_AUTOS = YES_AGGRESSIVE;
				GCC_WARN_UNUSED_FUNCTION = YES;
				GCC_WARN_UNUSED_VARIABLE = YES;
				MACOSX_DEPLOYMENT_TARGET = 13.3;
				MTL_ENABLE_DEBUG_INFO = NO;
				MTL_FAST_MATH = YES;
				SDKROOT = macosx;
			};
			name = Release;
		};
		C693AECF2C21333F00CFAF67 /* Debug */ = {
			isa = XCBuildConfiguration;
			buildSettings = {
				CODE_SIGN_STYLE = Automatic;
				PRODUCT_NAME = "$(TARGET_NAME)";
			};
			name = Debug;
		};
		C693AED02C21333F00CFAF67 /* Release */ = {
			isa = XCBuildConfiguration;
			buildSettings = {
				CODE_SIGN_STYLE = Automatic;
				PRODUCT_NAME = "$(TARGET_NAME)";
			};
			name = Release;
		};
/* End XCBuildConfiguration section */

/* Begin XCConfigurationList section */
		C693AEC22C21333F00CFAF67 /* Build configuration list for PBXProject "Structure" */ = {
			isa = XCConfigurationList;
			buildConfigurations = (
				C693AECC2C21333F00CFAF67 /* Debug */,
				C693AECD2C21333F00CFAF67 /* Release */,
			);
			defaultConfigurationIsVisible = 0;
			defaultConfigurationName = Release;
		};
		C693AECE2C21333F00CFAF67 /* Build configuration list for PBXNativeTarget "Structure" */ = {
			isa = XCConfigurationList;
			buildConfigurations = (
				C693AECF2C21333F00CFAF67 /* Debug */,
				C693AED02C21333F00CFAF67 /* Release */,
			);
			defaultConfigurationIsVisible = 0;
			defaultConfigurationName = Release;
		};
/* End XCConfigurationList section */
	};
	rootObject = C693AEBF2C21333F00CFAF67 /* Project object */;
}
